
Microsoft Visual Studio Solution File, Format Version 12.00
# Visual Studio Version 16
VisualStudioVersion = 16.0.30907.101
MinimumVisualStudioVersion = 10.0.40219.1
Project("{FAE04EC0-301F-11D3-BF4B-00C04F79EFBC}") = "Covinator", "Covinator\Covinator.csproj", "{57250AAC-915D-4F30-B1CA-319010134493}"
EndProject
Global
	GlobalSection(SolutionConfigurationPlatforms) = preSolution
		Debug|Any CPU = Debug|Any CPU
		Release|Any CPU = Release|Any CPU
	EndGlobalSection
	GlobalSection(ProjectConfigurationPlatforms) = postSolution
		{57250AAC-915D-4F30-B1CA-319010134493}.Debug|Any CPU.ActiveCfg = Debug|Any CPU
		{57250AAC-915D-4F30-B1CA-319010134493}.Debug|Any CPU.Build.0 = Debug|Any CPU
		{57250AAC-915D-4F30-B1CA-319010134493}.Release|Any CPU.ActiveCfg = Release|Any CPU
		{57250AAC-915D-4F30-B1CA-319010134493}.Release|Any CPU.Build.0 = Release|Any CPU
	EndGlobalSection
	GlobalSection(SolutionProperties) = preSolution
		HideSolutionNode = FALSE
	EndGlobalSection
	GlobalSection(ExtensibilityGlobals) = postSolution
		SolutionGuid = {574E79EB-2B41-4014-99D3-F4E3729EA519}
	EndGlobalSection
EndGlobal
